
Microsoft Visual Studio Solution File, Format Version 12.00
# Visual Studio Version 17
VisualStudioVersion = 17.3.32929.385
MinimumVisualStudioVersion = 10.0.40219.1
Project("{FAE04EC0-301F-11D3-BF4B-00C04F79EFBC}") = "FlashCards", "FlashCards\FlashCards.csproj", "{71DB006A-56BB-4A23-B448-0233F211EEE7}"
EndProject
Global
	GlobalSection(SolutionConfigurationPlatforms) = preSolution
		Debug|Any CPU = Debug|Any CPU
		Release|Any CPU = Release|Any CPU
	EndGlobalSection
	GlobalSection(ProjectConfigurationPlatforms) = postSolution
		{71DB006A-56BB-4A23-B448-0233F211EEE7}.Debug|Any CPU.ActiveCfg = Debug|Any CPU
		{71DB006A-56BB-4A23-B448-0233F211EEE7}.Debug|Any CPU.Build.0 = Debug|Any CPU
		{71DB006A-56BB-4A23-B448-0233F211EEE7}.Release|Any CPU.ActiveCfg = Release|Any CPU
		{71DB006A-56BB-4A23-B448-0233F211EEE7}.Release|Any CPU.Build.0 = Release|Any CPU
	EndGlobalSection
	GlobalSection(SolutionProperties) = preSolution
		HideSolutionNode = FALSE
	EndGlobalSection
	GlobalSection(ExtensibilityGlobals) = postSolution
		SolutionGuid = {B8AFC9E0-B802-4F32-B7F2-C5BC4BFAF484}
	EndGlobalSection
EndGlobal
